// !$*UTF8*$!
{
	archiveVersion = 1;
	classes = {
	};
	objectVersion = 46;
	objects = {

/* Begin PBXBuildFile section */
		ECE8A73F1B61D83C00E4C1C2 /* main.m in Sources */ = {isa = PBXBuildFile; fileRef = ECE8A73E1B61D83C00E4C1C2 /* main.m */; };
		ECE8A7421B61D83C00E4C1C2 /* AppDelegate.m in Sources */ = {isa = PBXBuildFile; fileRef = ECE8A7411B61D83C00E4C1C2 /* AppDelegate.m */; };
		ECE8A74A1B61D83C00E4C1C2 /* Images.xcassets in Resources */ = {isa = PBXBuildFile; fileRef = ECE8A7491B61D83C00E4C1C2 /* Images.xcassets */; };
		ECE8A74D1B61D83C00E4C1C2 /* LaunchScreen.xib in Resources */ = {isa = PBXBuildFile; fileRef = ECE8A74B1B61D83C00E4C1C2 /* LaunchScreen.xib */; };
		ECE8A7591B61D83C00E4C1C2 /* WeiBoTests.m in Sources */ = {isa = PBXBuildFile; fileRef = ECE8A7581B61D83C00E4C1C2 /* WeiBoTests.m */; };
/* End PBXBuildFile section */

/* Begin PBXContainerItemProxy section */
		ECE8A7531B61D83C00E4C1C2 /* PBXContainerItemProxy */ = {
			isa = PBXContainerItemProxy;
			containerPortal = ECE8A7311B61D83B00E4C1C2 /* Project object */;
			proxyType = 1;
			remoteGlobalIDString = ECE8A7381B61D83B00E4C1C2;
			remoteInfo = WeiBo;
		};
/* End PBXContainerItemProxy section */

/* Begin PBXFileReference section */
		ECE8A7391B61D83B00E4C1C2 /* WeiBo.app */ = {isa = PBXFileReference; explicitFileType = wrapper.application; includeInIndex = 0; path = WeiBo.app; sourceTree = BUILT_PRODUCTS_DIR; };
		ECE8A73D1B61D83C00E4C1C2 /* Info.plist */ = {isa = PBXFileReference; lastKnownFileType = text.plist.xml; path = Info.plist; sourceTree = "<group>"; };
		ECE8A73E1B61D83C00E4C1C2 /* main.m */ = {isa = PBXFileReference; lastKnownFileType = sourcecode.c.objc; path = main.m; sourceTree = "<group>"; };
		ECE8A7401B61D83C00E4C1C2 /* AppDelegate.h */ = {isa = PBXFileReference; lastKnownFileType = sourcecode.c.h; path = AppDelegate.h; sourceTree = "<group>"; };
		ECE8A7411B61D83C00E4C1C2 /* AppDelegate.m */ = {isa = PBXFileReference; lastKnownFileType = sourcecode.c.objc; path = AppDelegate.m; sourceTree = "<group>"; };
		ECE8A7491B61D83C00E4C1C2 /* Images.xcassets */ = {isa = PBXFileReference; lastKnownFileType = folder.assetcatalog; path = Images.xcassets; sourceTree = "<group>"; };
		ECE8A74C1B61D83C00E4C1C2 /* Base */ = {isa = PBXFileReference; lastKnownFileType = file.xib; name = Base; path = Base.lproj/LaunchScreen.xib; sourceTree = "<group>"; };
		ECE8A7521B61D83C00E4C1C2 /* WeiBoTests.xctest */ = {isa = PBXFileReference; explicitFileType = wrapper.cfbundle; includeInIndex = 0; path = WeiBoTests.xctest; sourceTree = BUILT_PRODUCTS_DIR; };
		ECE8A7571B61D83C00E4C1C2 /* Info.plist */ = {isa = PBXFileReference; lastKnownFileType = text.plist.xml; path = Info.plist; sourceTree = "<group>"; };
		ECE8A7581B61D83C00E4C1C2 /* WeiBoTests.m */ = {isa = PBXFileReference; lastKnownFileType = sourcecode.c.objc; path = WeiBoTests.m; sourceTree = "<group>"; };
/* End PBXFileReference section */

/* Begin PBXFrameworksBuildPhase section */
		ECE8A7361B61D83B00E4C1C2 /* Frameworks */ = {
			isa = PBXFrameworksBuildPhase;
			buildActionMask = 2147483647;
			files = (
			);
			runOnlyForDeploymentPostprocessing = 0;
		};
		ECE8A74F1B61D83C00E4C1C2 /* Frameworks */ = {
			isa = PBXFrameworksBuildPhase;
			buildActionMask = 2147483647;
			files = (
			);
			runOnlyForDeploymentPostprocessing = 0;
		};
/* End PBXFrameworksBuildPhase section */

/* Begin PBXGroup section */
		ECE8A7301B61D83B00E4C1C2 = {
			isa = PBXGroup;
			children = (
				ECE8A73B1B61D83B00E4C1C2 /* WeiBo */,
				ECE8A7551B61D83C00E4C1C2 /* WeiBoTests */,
				ECE8A73A1B61D83B00E4C1C2 /* Products */,
			);
			sourceTree = "<group>";
		};
		ECE8A73A1B61D83B00E4C1C2 /* Products */ = {
			isa = PBXGroup;
			children = (
				ECE8A7391B61D83B00E4C1C2 /* WeiBo.app */,
				ECE8A7521B61D83C00E4C1C2 /* WeiBoTests.xctest */,
			);
			name = Products;
			sourceTree = "<group>";
		};
		ECE8A73B1B61D83B00E4C1C2 /* WeiBo */ = {
			isa = PBXGroup;
			children = (
				ECE8A7401B61D83C00E4C1C2 /* AppDelegate.h */,
				ECE8A7411B61D83C00E4C1C2 /* AppDelegate.m */,
				ECE8A7491B61D83C00E4C1C2 /* Images.xcassets */,
				ECE8A74B1B61D83C00E4C1C2 /* LaunchScreen.xib */,
				ECE8A73C1B61D83B00E4C1C2 /* Supporting Files */,
			);
			path = WeiBo;
			sourceTree = "<group>";
		};
		ECE8A73C1B61D83B00E4C1C2 /* Supporting Files */ = {
			isa = PBXGroup;
			children = (
				ECE8A73D1B61D83C00E4C1C2 /* Info.plist */,
				ECE8A73E1B61D83C00E4C1C2 /* main.m */,
			);
			name = "Supporting Files";
			sourceTree = "<group>";
		};
		ECE8A7551B61D83C00E4C1C2 /* WeiBoTests */ = {
			isa = PBXGroup;
			children = (
				ECE8A7581B61D83C00E4C1C2 /* WeiBoTests.m */,
				ECE8A7561B61D83C00E4C1C2 /* Supporting Files */,
			);
			path = WeiBoTests;
			sourceTree = "<group>";
		};
		ECE8A7561B61D83C00E4C1C2 /* Supporting Files */ = {
			isa = PBXGroup;
			children = (
				ECE8A7571B61D83C00E4C1C2 /* Info.plist */,
			);
			name = "Supporting Files";
			sourceTree = "<group>";
		};
/* End PBXGroup section */

/* Begin PBXNativeTarget section */
		ECE8A7381B61D83B00E4C1C2 /* WeiBo */ = {
			isa = PBXNativeTarget;
			buildConfigurationList = ECE8A75C1B61D83C00E4C1C2 /* Build configuration list for PBXNativeTarget "WeiBo" */;
			buildPhases = (
				ECE8A7351B61D83B00E4C1C2 /* Sources */,
				ECE8A7361B61D83B00E4C1C2 /* Frameworks */,
				ECE8A7371B61D83B00E4C1C2 /* Resources */,
			);
			buildRules = (
			);
			dependencies = (
			);
			name = WeiBo;
			productName = WeiBo;
			productReference = ECE8A7391B61D83B00E4C1C2 /* WeiBo.app */;
			productType = "com.apple.product-type.application";
		};
		ECE8A7511B61D83C00E4C1C2 /* WeiBoTests */ = {
			isa = PBXNativeTarget;
			buildConfigurationList = ECE8A75F1B61D83C00E4C1C2 /* Build configuration list for PBXNativeTarget "WeiBoTests" */;
			buildPhases = (
				ECE8A74E1B61D83C00E4C1C2 /* Sources */,
				ECE8A74F1B61D83C00E4C1C2 /* Frameworks */,
				ECE8A7501B61D83C00E4C1C2 /* Resources */,
			);
			buildRules = (
			);
			dependencies = (
				ECE8A7541B61D83C00E4C1C2 /* PBXTargetDependency */,
			);
			name = WeiBoTests;
			productName = WeiBoTests;
			productReference = ECE8A7521B61D83C00E4C1C2 /* WeiBoTests.xctest */;
			productType = "com.apple.product-type.bundle.unit-test";
		};
/* End PBXNativeTarget section */

/* Begin PBXProject section */
		ECE8A7311B61D83B00E4C1C2 /* Project object */ = {
			isa = PBXProject;
			attributes = {
				LastUpgradeCheck = 0630;
				ORGANIZATIONNAME = FalConnect;
				TargetAttributes = {
					ECE8A7381B61D83B00E4C1C2 = {
						CreatedOnToolsVersion = 6.3.2;
					};
					ECE8A7511B61D83C00E4C1C2 = {
						CreatedOnToolsVersion = 6.3.2;
						TestTargetID = ECE8A7381B61D83B00E4C1C2;
					};
				};
			};
			buildConfigurationList = ECE8A7341B61D83B00E4C1C2 /* Build configuration list for PBXProject "WeiBo" */;
			compatibilityVersion = "Xcode 3.2";
			developmentRegion = English;
			hasScannedForEncodings = 0;
			knownRegions = (
				en,
				Base,
			);
			mainGroup = ECE8A7301B61D83B00E4C1C2;
			productRefGroup = ECE8A73A1B61D83B00E4C1C2 /* Products */;
			projectDirPath = "";
			projectRoot = "";
			targets = (
				ECE8A7381B61D83B00E4C1C2 /* WeiBo */,
				ECE8A7511B61D83C00E4C1C2 /* WeiBoTests */,
			);
		};
/* End PBXProject section */

/* Begin PBXResourcesBuildPhase section */
		ECE8A7371B61D83B00E4C1C2 /* Resources */ = {
			isa = PBXResourcesBuildPhase;
			buildActionMask = 2147483647;
			files = (
				ECE8A74D1B61D83C00E4C1C2 /* LaunchScreen.xib in Resources */,
				ECE8A74A1B61D83C00E4C1C2 /* Images.xcassets in Resources */,
			);
			runOnlyForDeploymentPostprocessing = 0;
		};
		ECE8A7501B61D83C00E4C1C2 /* Resources */ = {
			isa = PBXResourcesBuildPhase;
			buildActionMask = 2147483647;
			files = (
			);
			runOnlyForDeploymentPostprocessing = 0;
		};
/* End PBXResourcesBuildPhase section */

/* Begin PBXSourcesBuildPhase section */
		ECE8A7351B61D83B00E4C1C2 /* Sources */ = {
			isa = PBXSourcesBuildPhase;
			buildActionMask = 2147483647;
			files = (
				ECE8A7421B61D83C00E4C1C2 /* AppDelegate.m in Sources */,
				ECE8A73F1B61D83C00E4C1C2 /* main.m in Sources */,
			);
			runOnlyForDeploymentPostprocessing = 0;
		};
		ECE8A74E1B61D83C00E4C1C2 /* Sources */ = {
			isa = PBXSourcesBuildPhase;
			buildActionMask = 2147483647;
			files = (
				ECE8A7591B61D83C00E4C1C2 /* WeiBoTests.m in Sources */,
			);
			runOnlyForDeploymentPostprocessing = 0;
		};
/* End PBXSourcesBuildPhase section */

/* Begin PBXTargetDependency section */
		ECE8A7541B61D83C00E4C1C2 /* PBXTargetDependency */ = {
			isa = PBXTargetDependency;
			target = ECE8A7381B61D83B00E4C1C2 /* WeiBo */;
			targetProxy = ECE8A7531B61D83C00E4C1C2 /* PBXContainerItemProxy */;
		};
/* End PBXTargetDependency section */

/* Begin PBXVariantGroup section */
		ECE8A74B1B61D83C00E4C1C2 /* LaunchScreen.xib */ = {
			isa = PBXVariantGroup;
			children = (
				ECE8A74C1B61D83C00E4C1C2 /* Base */,
			);
			name = LaunchScreen.xib;
			sourceTree = "<group>";
		};
/* End PBXVariantGroup section */

/* Begin XCBuildConfiguration section */
		ECE8A75A1B61D83C00E4C1C2 /* Debug */ = {
			isa = XCBuildConfiguration;
			buildSettings = {
				ALWAYS_SEARCH_USER_PATHS = NO;
				CLANG_CXX_LANGUAGE_STANDARD = "gnu++0x";
				CLANG_CXX_LIBRARY = "libc++";
				CLANG_ENABLE_MODULES = YES;
				CLANG_ENABLE_OBJC_ARC = YES;
				CLANG_WARN_BOOL_CONVERSION = YES;
				CLANG_WARN_CONSTANT_CONVERSION = YES;
				CLANG_WARN_DIRECT_OBJC_ISA_USAGE = YES_ERROR;
				CLANG_WARN_EMPTY_BODY = YES;
				CLANG_WARN_ENUM_CONVERSION = YES;
				CLANG_WARN_INT_CONVERSION = YES;
				CLANG_WARN_OBJC_ROOT_CLASS = YES_ERROR;
				CLANG_WARN_UNREACHABLE_CODE = YES;
				CLANG_WARN__DUPLICATE_METHOD_MATCH = YES;
				"CODE_SIGN_IDENTITY[sdk=iphoneos*]" = "iPhone Developer";
				COPY_PHASE_STRIP = NO;
				DEBUG_INFORMATION_FORMAT = "dwarf-with-dsym";
				ENABLE_STRICT_OBJC_MSGSEND = YES;
				GCC_C_LANGUAGE_STANDARD = gnu99;
				GCC_DYNAMIC_NO_PIC = NO;
				GCC_NO_COMMON_BLOCKS = YES;
				GCC_OPTIMIZATION_LEVEL = 0;
				GCC_PREPROCESSOR_DEFINITIONS = (
					"DEBUG=1",
					"$(inherited)",
				);
				GCC_SYMBOLS_PRIVATE_EXTERN = NO;
				GCC_WARN_64_TO_32_BIT_CONVERSION = YES;
				GCC_WARN_ABOUT_RETURN_TYPE = YES_ERROR;
				GCC_WARN_UNDECLARED_SELECTOR = YES;
				GCC_WARN_UNINITIALIZED_AUTOS = YES_AGGRESSIVE;
				GCC_WARN_UNUSED_FUNCTION = YES;
				GCC_WARN_UNUSED_VARIABLE = YES;
				IPHONEOS_DEPLOYMENT_TARGET = 8.3;
				MTL_ENABLE_DEBUG_INFO = YES;
				ONLY_ACTIVE_ARCH = YES;
				SDKROOT = iphoneos;
			};
			name = Debug;
		};
		ECE8A75B1B61D83C00E4C1C2 /* Release */ = {
			isa = XCBuildConfiguration;
			buildSettings = {
				ALWAYS_SEARCH_USER_PATHS = NO;
				CLANG_CXX_LANGUAGE_STANDARD = "gnu++0x";
				CLANG_CXX_LIBRARY = "libc++";
				CLANG_ENABLE_MODULES = YES;
				CLANG_ENABLE_OBJC_ARC = YES;
				CLANG_WARN_BOOL_CONVERSION = YES;
				CLANG_WARN_CONSTANT_CONVERSION = YES;
				CLANG_WARN_DIRECT_OBJC_ISA_USAGE = YES_ERROR;
				CLANG_WARN_EMPTY_BODY = YES;
				CLANG_WARN_ENUM_CONVERSION = YES;
				CLANG_WARN_INT_CONVERSION = YES;
				CLANG_WARN_OBJC_ROOT_CLASS = YES_ERROR;
				CLANG_WARN_UNREACHABLE_CODE = YES;
				CLANG_WARN__DUPLICATE_METHOD_MATCH = YES;
				"CODE_SIGN_IDENTITY[sdk=iphoneos*]" = "iPhone Developer";
				COPY_PHASE_STRIP = NO;
				DEBUG_INFORMATION_FORMAT = "dwarf-with-dsym";
				ENABLE_NS_ASSERTIONS = NO;
				ENABLE_STRICT_OBJC_MSGSEND = YES;
				GCC_C_LANGUAGE_STANDARD = gnu99;
				GCC_NO_COMMON_BLOCKS = YES;
				GCC_WARN_64_TO_32_BIT_CONVERSION = YES;
				GCC_WARN_ABOUT_RETURN_TYPE = YES_ERROR;
				GCC_WARN_UNDECLARED_SELECTOR = YES;
				GCC_WARN_UNINITIALIZED_AUTOS = YES_AGGRESSIVE;
				GCC_WARN_UNUSED_FUNCTION = YES;
				GCC_WARN_UNUSED_VARIABLE = YES;
				IPHONEOS_DEPLOYMENT_TARGET = 8.3;
				MTL_ENABLE_DEBUG_INFO = NO;
				SDKROOT = iphoneos;
				VALIDATE_PRODUCT = YES;
			};
			name = Release;
		};
		ECE8A75D1B61D83C00E4C1C2 /* Debug */ = {
			isa = XCBuildConfiguration;
			buildSettings = {
				ASSETCATALOG_COMPILER_APPICON_NAME = AppIcon;
				INFOPLIST_FILE = WeiBo/Info.plist;
				LD_RUNPATH_SEARCH_PATHS = "$(inherited) @executable_path/Frameworks";
				PRODUCT_NAME = "$(TARGET_NAME)";
			};
			name = Debug;
		};
		ECE8A75E1B61D83C00E4C1C2 /* Release */ = {
			isa = XCBuildConfiguration;
			buildSettings = {
				ASSETCATALOG_COMPILER_APPICON_NAME = AppIcon;
				INFOPLIST_FILE = WeiBo/Info.plist;
				LD_RUNPATH_SEARCH_PATHS = "$(inherited) @executable_path/Frameworks";
				PRODUCT_NAME = "$(TARGET_NAME)";
			};
			name = Release;
		};
		ECE8A7601B61D83C00E4C1C2 /* Debug */ = {
			isa = XCBuildConfiguration;
			buildSettings = {
				BUNDLE_LOADER = "$(TEST_HOST)";
				FRAMEWORK_SEARCH_PATHS = (
					"$(SDKROOT)/Developer/Library/Frameworks",
					"$(inherited)",
				);
				GCC_PREPROCESSOR_DEFINITIONS = (
					"DEBUG=1",
					"$(inherited)",
				);
				INFOPLIST_FILE = WeiBoTests/Info.plist;
				LD_RUNPATH_SEARCH_PATHS = "$(inherited) @executable_path/Frameworks @loader_path/Frameworks";
				PRODUCT_NAME = "$(TARGET_NAME)";
				TEST_HOST = "$(BUILT_PRODUCTS_DIR)/WeiBo.app/WeiBo";
			};
			name = Debug;
		};
		ECE8A7611B61D83C00E4C1C2 /* Release */ = {
			isa = XCBuildConfiguration;
			buildSettings = {
				BUNDLE_LOADER = "$(TEST_HOST)";
				FRAMEWORK_SEARCH_PATHS = (
					"$(SDKROOT)/Developer/Library/Frameworks",
					"$(inherited)",
				);
				INFOPLIST_FILE = WeiBoTests/Info.plist;
				LD_RUNPATH_SEARCH_PATHS = "$(inherited) @executable_path/Frameworks @loader_path/Frameworks";
				PRODUCT_NAME = "$(TARGET_NAME)";
				TEST_HOST = "$(BUILT_PRODUCTS_DIR)/WeiBo.app/WeiBo";
			};
			name = Release;
		};
/* End XCBuildConfiguration section */

/* Begin XCConfigurationList section */
		ECE8A7341B61D83B00E4C1C2 /* Build configuration list for PBXProject "WeiBo" */ = {
			isa = XCConfigurationList;
			buildConfigurations = (
				ECE8A75A1B61D83C00E4C1C2 /* Debug */,
				ECE8A75B1B61D83C00E4C1C2 /* Release */,
			);
			defaultConfigurationIsVisible = 0;
			defaultConfigurationName = Release;
		};
		ECE8A75C1B61D83C00E4C1C2 /* Build configuration list for PBXNativeTarget "WeiBo" */ = {
			isa = XCConfigurationList;
			buildConfigurations = (
				ECE8A75D1B61D83C00E4C1C2 /* Debug */,
				ECE8A75E1B61D83C00E4C1C2 /* Release */,
			);
			defaultConfigurationIsVisible = 0;
		};
		ECE8A75F1B61D83C00E4C1C2 /* Build configuration list for PBXNativeTarget "WeiBoTests" */ = {
			isa = XCConfigurationList;
			buildConfigurations = (
				ECE8A7601B61D83C00E4C1C2 /* Debug */,
				ECE8A7611B61D83C00E4C1C2 /* Release */,
			);
			defaultConfigurationIsVisible = 0;
		};
/* End XCConfigurationList section */
	};
	rootObject = ECE8A7311B61D83B00E4C1C2 /* Project object */;
}
